// !$*UTF8*$!
{
	archiveVersion = 1;
	classes = {
	};
	objectVersion = 50;
	objects = {

/* Begin PBXBuildFile section */
		1145ACFB250A3EFB0097FE89 /* AppDelegate.swift in Sources */ = {isa = PBXBuildFile; fileRef = 1145ACFA250A3EFB0097FE89 /* AppDelegate.swift */; };
		1145ACFD250A3EFB0097FE89 /* SceneDelegate.swift in Sources */ = {isa = PBXBuildFile; fileRef = 1145ACFC250A3EFB0097FE89 /* SceneDelegate.swift */; };
		1145ACFF250A3EFB0097FE89 /* ViewController.swift in Sources */ = {isa = PBXBuildFile; fileRef = 1145ACFE250A3EFB0097FE89 /* ViewController.swift */; };
		1145AD02250A3EFB0097FE89 /* Main.storyboard in Resources */ = {isa = PBXBuildFile; fileRef = 1145AD00250A3EFB0097FE89 /* Main.storyboard */; };
		1145AD04250A3EFC0097FE89 /* Assets.xcassets in Resources */ = {isa = PBXBuildFile; fileRef = 1145AD03250A3EFC0097FE89 /* Assets.xcassets */; };
		1145AD07250A3EFC0097FE89 /* LaunchScreen.storyboard in Resources */ = {isa = PBXBuildFile; fileRef = 1145AD05250A3EFC0097FE89 /* LaunchScreen.storyboard */; };
/* End PBXBuildFile section */

/* Begin PBXFileReference section */
		1145ACF7250A3EFB0097FE89 /* trackListapp.app */ = {isa = PBXFileReference; explicitFileType = wrapper.application; includeInIndex = 0; path = trackListapp.app; sourceTree = BUILT_PRODUCTS_DIR; };
		1145ACFA250A3EFB0097FE89 /* AppDelegate.swift */ = {isa = PBXFileReference; lastKnownFileType = sourcecode.swift; path = AppDelegate.swift; sourceTree = "<group>"; };
		1145ACFC250A3EFB0097FE89 /* SceneDelegate.swift */ = {isa = PBXFileReference; lastKnownFileType = sourcecode.swift; path = SceneDelegate.swift; sourceTree = "<group>"; };
		1145ACFE250A3EFB0097FE89 /* ViewController.swift */ = {isa = PBXFileReference; lastKnownFileType = sourcecode.swift; path = ViewController.swift; sourceTree = "<group>"; };
		1145AD01250A3EFB0097FE89 /* Base */ = {isa = PBXFileReference; lastKnownFileType = file.storyboard; name = Base; path = Base.lproj/Main.storyboard; sourceTree = "<group>"; };
		1145AD03250A3EFC0097FE89 /* Assets.xcassets */ = {isa = PBXFileReference; lastKnownFileType = folder.assetcatalog; path = Assets.xcassets; sourceTree = "<group>"; };
		1145AD06250A3EFC0097FE89 /* Base */ = {isa = PBXFileReference; lastKnownFileType = file.storyboard; name = Base; path = Base.lproj/LaunchScreen.storyboard; sourceTree = "<group>"; };
		1145AD08250A3EFC0097FE89 /* Info.plist */ = {isa = PBXFileReference; lastKnownFileType = text.plist.xml; path = Info.plist; sourceTree = "<group>"; };
/* End PBXFileReference section */

/* Begin PBXFrameworksBuildPhase section */
		1145ACF4250A3EFB0097FE89 /* Frameworks */ = {
			isa = PBXFrameworksBuildPhase;
			buildActionMask = 2147483647;
			files = (
			);
			runOnlyForDeploymentPostprocessing = 0;
		};
/* End PBXFrameworksBuildPhase section */

/* Begin PBXGroup section */
		1145ACEE250A3EFB0097FE89 = {
			isa = PBXGroup;
			children = (
				1145ACF9250A3EFB0097FE89 /* trackListapp */,
				1145ACF8250A3EFB0097FE89 /* Products */,
			);
			sourceTree = "<group>";
		};
		1145ACF8250A3EFB0097FE89 /* Products */ = {
			isa = PBXGroup;
			children = (
				1145ACF7250A3EFB0097FE89 /* trackListapp.app */,
			);
			name = Products;
			sourceTree = "<group>";
		};
		1145ACF9250A3EFB0097FE89 /* trackListapp */ = {
			isa = PBXGroup;
			children = (
				1145ACFA250A3EFB0097FE89 /* AppDelegate.swift */,
				1145ACFC250A3EFB0097FE89 /* SceneDelegate.swift */,
				1145ACFE250A3EFB0097FE89 /* ViewController.swift */,
				1145AD00250A3EFB0097FE89 /* Main.storyboard */,
				1145AD03250A3EFC0097FE89 /* Assets.xcassets */,
				1145AD05250A3EFC0097FE89 /* LaunchScreen.storyboard */,
				1145AD08250A3EFC0097FE89 /* Info.plist */,
			);
			path = trackListapp;
			sourceTree = "<group>";
		};
/* End PBXGroup section */

/* Begin PBXNativeTarget section */
		1145ACF6250A3EFB0097FE89 /* trackListapp */ = {
			isa = PBXNativeTarget;
			buildConfigurationList = 1145AD0B250A3EFC0097FE89 /* Build configuration list for PBXNativeTarget "trackListapp" */;
			buildPhases = (
				1145ACF3250A3EFB0097FE89 /* Sources */,
				1145ACF4250A3EFB0097FE89 /* Frameworks */,
				1145ACF5250A3EFB0097FE89 /* Resources */,
			);
			buildRules = (
			);
			dependencies = (
			);
			name = trackListapp;
			productName = trackListapp;
			productReference = 1145ACF7250A3EFB0097FE89 /* trackListapp.app */;
			productType = "com.apple.product-type.application";
		};
/* End PBXNativeTarget section */

/* Begin PBXProject section */
		1145ACEF250A3EFB0097FE89 /* Project object */ = {
			isa = PBXProject;
			attributes = {
				LastSwiftUpdateCheck = 1160;
				LastUpgradeCheck = 1160;
				ORGANIZATIONNAME = "Никита Микрюков";
				TargetAttributes = {
					1145ACF6250A3EFB0097FE89 = {
						CreatedOnToolsVersion = 11.6;
					};
				};
			};
			buildConfigurationList = 1145ACF2250A3EFB0097FE89 /* Build configuration list for PBXProject "trackListapp" */;
			compatibilityVersion = "Xcode 9.3";
			developmentRegion = en;
			hasScannedForEncodings = 0;
			knownRegions = (
				en,
				Base,
			);
			mainGroup = 1145ACEE250A3EFB0097FE89;
			productRefGroup = 1145ACF8250A3EFB0097FE89 /* Products */;
			projectDirPath = "";
			projectRoot = "";
			targets = (
				1145ACF6250A3EFB0097FE89 /* trackListapp */,
			);
		};
/* End PBXProject section */

/* Begin PBXResourcesBuildPhase section */
		1145ACF5250A3EFB0097FE89 /* Resources */ = {
			isa = PBXResourcesBuildPhase;
			buildActionMask = 2147483647;
			files = (
				1145AD07250A3EFC0097FE89 /* LaunchScreen.storyboard in Resources */,
				1145AD04250A3EFC0097FE89 /* Assets.xcassets in Resources */,
				1145AD02250A3EFB0097FE89 /* Main.storyboard in Resources */,
			);
			runOnlyForDeploymentPostprocessing = 0;
		};
/* End PBXResourcesBuildPhase section */

/* Begin PBXSourcesBuildPhase section */
		1145ACF3250A3EFB0097FE89 /* Sources */ = {
			isa = PBXSourcesBuildPhase;
			buildActionMask = 2147483647;
			files = (
				1145ACFF250A3EFB0097FE89 /* ViewController.swift in Sources */,
				1145ACFB250A3EFB0097FE89 /* AppDelegate.swift in Sources */,
				1145ACFD250A3EFB0097FE89 /* SceneDelegate.swift in Sources */,
			);
			runOnlyForDeploymentPostprocessing = 0;
		};
/* End PBXSourcesBuildPhase section */

/* Begin PBXVariantGroup section */
		1145AD00250A3EFB0097FE89 /* Main.storyboard */ = {
			isa = PBXVariantGroup;
			children = (
				1145AD01250A3EFB0097FE89 /* Base */,
			);
			name = Main.storyboard;
			sourceTree = "<group>";
		};
		1145AD05250A3EFC0097FE89 /* LaunchScreen.storyboard */ = {
			isa = PBXVariantGroup;
			children = (
				1145AD06250A3EFC0097FE89 /* Base */,
			);
			name = LaunchScreen.storyboard;
			sourceTree = "<group>";
		};
/* End PBXVariantGroup section */

/* Begin XCBuildConfiguration section */
		1145AD09250A3EFC0097FE89 /* Debug */ = {
			isa = XCBuildConfiguration;
			buildSettings = {
				ALWAYS_SEARCH_USER_PATHS = NO;
				CLANG_ANALYZER_NONNULL = YES;
				CLANG_ANALYZER_NUMBER_OBJECT_CONVERSION = YES_AGGRESSIVE;
				CLANG_CXX_LANGUAGE_STANDARD = "gnu++14";
				CLANG_CXX_LIBRARY = "libc++";
				CLANG_ENABLE_MODULES = YES;
				CLANG_ENABLE_OBJC_ARC = YES;
				CLANG_ENABLE_OBJC_WEAK = YES;
				CLANG_WARN_BLOCK_CAPTURE_AUTORELEASING = YES;
				CLANG_WARN_BOOL_CONVERSION = YES;
				CLANG_WARN_COMMA = YES;
				CLANG_WARN_CONSTANT_CONVERSION = YES;
				CLANG_WARN_DEPRECATED_OBJC_IMPLEMENTATIONS = YES;
				CLANG_WARN_DIRECT_OBJC_ISA_USAGE = YES_ERROR;
				CLANG_WARN_DOCUMENTATION_COMMENTS = YES;
				CLANG_WARN_EMPTY_BODY = YES;
				CLANG_WARN_ENUM_CONVERSION = YES;
				CLANG_WARN_INFINITE_RECURSION = YES;
				CLANG_WARN_INT_CONVERSION = YES;
				CLANG_WARN_NON_LITERAL_NULL_CONVERSION = YES;
				CLANG_WARN_OBJC_IMPLICIT_RETAIN_SELF = YES;
				CLANG_WARN_OBJC_LITERAL_CONVERSION = YES;
				CLANG_WARN_OBJC_ROOT_CLASS = YES_ERROR;
				CLANG_WARN_RANGE_LOOP_ANALYSIS = YES;
				CLANG_WARN_STRICT_PROTOTYPES = YES;
				CLANG_WARN_SUSPICIOUS_MOVE = YES;
				CLANG_WARN_UNGUARDED_AVAILABILITY = YES_AGGRESSIVE;
				CLANG_WARN_UNREACHABLE_CODE = YES;
				CLANG_WARN__DUPLICATE_METHOD_MATCH = YES;
				COPY_PHASE_STRIP = NO;
				DEBUG_INFORMATION_FORMAT = dwarf;
				ENABLE_STRICT_OBJC_MSGSEND = YES;
				ENABLE_TESTABILITY = YES;
				GCC_C_LANGUAGE_STANDARD = gnu11;
				GCC_DYNAMIC_NO_PIC = NO;
				GCC_NO_COMMON_BLOCKS = YES;
				GCC_OPTIMIZATION_LEVEL = 0;
				GCC_PREPROCESSOR_DEFINITIONS = (
					"DEBUG=1",
					"$(inherited)",
				);
				GCC_WARN_64_TO_32_BIT_CONVERSION = YES;
				GCC_WARN_ABOUT_RETURN_TYPE = YES_ERROR;
				GCC_WARN_UNDECLARED_SELECTOR = YES;
				GCC_WARN_UNINITIALIZED_AUTOS = YES_AGGRESSIVE;
				GCC_WARN_UNUSED_FUNCTION = YES;
				GCC_WARN_UNUSED_VARIABLE = YES;
				IPHONEOS_DEPLOYMENT_TARGET = 13.6;
				MTL_ENABLE_DEBUG_INFO = INCLUDE_SOURCE;
				MTL_FAST_MATH = YES;
				ONLY_ACTIVE_ARCH = YES;
				SDKROOT = iphoneos;
				SWIFT_ACTIVE_COMPILATION_CONDITIONS = DEBUG;
				SWIFT_OPTIMIZATION_LEVEL = "-Onone";
			};
			name = Debug;
		};
		1145AD0A250A3EFC0097FE89 /* Release */ = {
			isa = XCBuildConfiguration;
			buildSettings = {
				ALWAYS_SEARCH_USER_PATHS = NO;
				CLANG_ANALYZER_NONNULL = YES;
				CLANG_ANALYZER_NUMBER_OBJECT_CONVERSION = YES_AGGRESSIVE;
				CLANG_CXX_LANGUAGE_STANDARD = "gnu++14";
				CLANG_CXX_LIBRARY = "libc++";
				CLANG_ENABLE_MODULES = YES;
				CLANG_ENABLE_OBJC_ARC = YES;
				CLANG_ENABLE_OBJC_WEAK = YES;
				CLANG_WARN_BLOCK_CAPTURE_AUTORELEASING = YES;
				CLANG_WARN_BOOL_CONVERSION = YES;
				CLANG_WARN_COMMA = YES;
				CLANG_WARN_CONSTANT_CONVERSION = YES;
				CLANG_WARN_DEPRECATED_OBJC_IMPLEMENTATIONS = YES;
				CLANG_WARN_DIRECT_OBJC_ISA_USAGE = YES_ERROR;
				CLANG_WARN_DOCUMENTATION_COMMENTS = YES;
				CLANG_WARN_EMPTY_BODY = YES;
				CLANG_WARN_ENUM_CONVERSION = YES;
				CLANG_WARN_INFINITE_RECURSION = YES;
				CLANG_WARN_INT_CONVERSION = YES;
				CLANG_WARN_NON_LITERAL_NULL_CONVERSION = YES;
				CLANG_WARN_OBJC_IMPLICIT_RETAIN_SELF = YES;
				CLANG_WARN_OBJC_LITERAL_CONVERSION = YES;
				CLANG_WARN_OBJC_ROOT_CLASS = YES_ERROR;
				CLANG_WARN_RANGE_LOOP_ANALYSIS = YES;
				CLANG_WARN_STRICT_PROTOTYPES = YES;
				CLANG_WARN_SUSPICIOUS_MOVE = YES;
				CLANG_WARN_UNGUARDED_AVAILABILITY = YES_AGGRESSIVE;
				CLANG_WARN_UNREACHABLE_CODE = YES;
				CLANG_WARN__DUPLICATE_METHOD_MATCH = YES;
				COPY_PHASE_STRIP = NO;
				DEBUG_INFORMATION_FORMAT = "dwarf-with-dsym";
				ENABLE_NS_ASSERTIONS = NO;
				ENABLE_STRICT_OBJC_MSGSEND = YES;
				GCC_C_LANGUAGE_STANDARD = gnu11;
				GCC_NO_COMMON_BLOCKS = YES;
				GCC_WARN_64_TO_32_BIT_CONVERSION = YES;
				GCC_WARN_ABOUT_RETURN_TYPE = YES_ERROR;
				GCC_WARN_UNDECLARED_SELECTOR = YES;
				GCC_WARN_UNINITIALIZED_AUTOS = YES_AGGRESSIVE;
				GCC_WARN_UNUSED_FUNCTION = YES;
				GCC_WARN_UNUSED_VARIABLE = YES;
				IPHONEOS_DEPLOYMENT_TARGET = 13.6;
				MTL_ENABLE_DEBUG_INFO = NO;
				MTL_FAST_MATH = YES;
				SDKROOT = iphoneos;
				SWIFT_COMPILATION_MODE = wholemodule;
				SWIFT_OPTIMIZATION_LEVEL = "-O";
				VALIDATE_PRODUCT = YES;
			};
			name = Release;
		};
		1145AD0C250A3EFC0097FE89 /* Debug */ = {
			isa = XCBuildConfiguration;
			buildSettings = {
				ASSETCATALOG_COMPILER_APPICON_NAME = AppIcon;
				CODE_SIGN_STYLE = Automatic;
				DEVELOPMENT_TEAM = 95ZUNS462R;
				INFOPLIST_FILE = trackListapp/Info.plist;
				LD_RUNPATH_SEARCH_PATHS = (
					"$(inherited)",
					"@executable_path/Frameworks",
				);
				PRODUCT_BUNDLE_IDENTIFIER = "---------------.trackListapp";
				PRODUCT_NAME = "$(TARGET_NAME)";
				SWIFT_VERSION = 5.0;
				TARGETED_DEVICE_FAMILY = "1,2";
			};
			name = Debug;
		};
		1145AD0D250A3EFC0097FE89 /* Release */ = {
			isa = XCBuildConfiguration;
			buildSettings = {
				ASSETCATALOG_COMPILER_APPICON_NAME = AppIcon;
				CODE_SIGN_STYLE = Automatic;
				DEVELOPMENT_TEAM = 95ZUNS462R;
				INFOPLIST_FILE = trackListapp/Info.plist;
				LD_RUNPATH_SEARCH_PATHS = (
					"$(inherited)",
					"@executable_path/Frameworks",
				);
				PRODUCT_BUNDLE_IDENTIFIER = "---------------.trackListapp";
				PRODUCT_NAME = "$(TARGET_NAME)";
				SWIFT_VERSION = 5.0;
				TARGETED_DEVICE_FAMILY = "1,2";
			};
			name = Release;
		};
/* End XCBuildConfiguration section */

/* Begin XCConfigurationList section */
		1145ACF2250A3EFB0097FE89 /* Build configuration list for PBXProject "trackListapp" */ = {
			isa = XCConfigurationList;
			buildConfigurations = (
				1145AD09250A3EFC0097FE89 /* Debug */,
				1145AD0A250A3EFC0097FE89 /* Release */,
			);
			defaultConfigurationIsVisible = 0;
			defaultConfigurationName = Release;
		};
		1145AD0B250A3EFC0097FE89 /* Build configuration list for PBXNativeTarget "trackListapp" */ = {
			isa = XCConfigurationList;
			buildConfigurations = (
				1145AD0C250A3EFC0097FE89 /* Debug */,
				1145AD0D250A3EFC0097FE89 /* Release */,
			);
			defaultConfigurationIsVisible = 0;
			defaultConfigurationName = Release;
		};
/* End XCConfigurationList section */
	};
	rootObject = 1145ACEF250A3EFB0097FE89 /* Project object */;
}
